# This file was autogenerated by uv via the following command:
#    uv pip compile pyproject.toml -o requirements.lock
alembic==1.15.2
    # via optuna
boruta==0.4.3
    # via santander-customer-transaction (pyproject.toml)
certifi==2025.4.26
    # via requests
charset-normalizer==3.4.1
    # via requests
cloudpickle==3.1.1
    # via shap
colorama==0.4.6
    # via
    #   colorlog
    #   tqdm
colorlog==6.9.0
    # via optuna
contourpy==1.3.2
    # via matplotlib
cycler==0.12.1
    # via matplotlib
fonttools==4.57.0
    # via matplotlib
geographiclib==2.0
    # via geopy
geopy==2.4.1
    # via santander-customer-transaction (pyproject.toml)
greenlet==3.2.1
    # via sqlalchemy
idna==3.10
    # via requests
imbalanced-learn==0.13.0
    # via imblearn
imblearn==0.0
    # via santander-customer-transaction (pyproject.toml)
joblib==1.4.2
    # via
    #   imbalanced-learn
    #   scikit-learn
kiwisolver==1.4.8
    # via matplotlib
llvmlite==0.44.0
    # via numba
mako==1.3.10
    # via alembic
markupsafe==3.0.2
    # via mako
matplotlib==3.7.4
    # via
    #   santander-customer-transaction (pyproject.toml)
    #   seaborn
numba==0.61.2
    # via shap
numpy==1.24.4
    # via
    #   santander-customer-transaction (pyproject.toml)
    #   boruta
    #   contourpy
    #   imbalanced-learn
    #   matplotlib
    #   numba
    #   optuna
    #   pandas
    #   scikit-learn
    #   scipy
    #   seaborn
    #   shap
    #   xgboost
optuna==4.3.0
    # via santander-customer-transaction (pyproject.toml)
packaging==25.0
    # via
    #   matplotlib
    #   optuna
    #   shap
pandas==2.0.3
    # via
    #   santander-customer-transaction (pyproject.toml)
    #   seaborn
    #   shap
pillow==11.2.1
    # via matplotlib
pyparsing==3.2.3
    # via matplotlib
python-dateutil==2.9.0.post0
    # via
    #   matplotlib
    #   pandas
pytz==2025.2
    # via pandas
pyyaml==6.0.2
    # via optuna
requests==2.32.3
    # via santander-customer-transaction (pyproject.toml)
scikit-learn==1.6.1
    # via
    #   santander-customer-transaction (pyproject.toml)
    #   boruta
    #   imbalanced-learn
    #   shap
    #   sklearn-compat
scipy==1.15.2
    # via
    #   santander-customer-transaction (pyproject.toml)
    #   boruta
    #   imbalanced-learn
    #   scikit-learn
    #   shap
    #   xgboost
seaborn==0.12.2
    # via santander-customer-transaction (pyproject.toml)
shap==0.47.2
    # via santander-customer-transaction (pyproject.toml)
six==1.17.0
    # via python-dateutil
sklearn-compat==0.1.3
    # via imbalanced-learn
slicer==0.0.8
    # via shap
sqlalchemy==2.0.40
    # via
    #   alembic
    #   optuna
threadpoolctl==3.6.0
    # via
    #   imbalanced-learn
    #   scikit-learn
tqdm==4.67.1
    # via
    #   santander-customer-transaction (pyproject.toml)
    #   optuna
    #   shap
typing-extensions==4.13.2
    # via
    #   alembic
    #   shap
    #   sqlalchemy
tzdata==2025.2
    # via pandas
urllib3==2.4.0
    # via requests
xgboost==3.0.0
    # via santander-customer-transaction (pyproject.toml)
